
Microsoft Visual Studio Solution File, Format Version 12.00
# Visual Studio 15
VisualStudioVersion = 15.0.28307.572
MinimumVisualStudioVersion = 10.0.40219.1
Project("{FAE04EC0-301F-11D3-BF4B-00C04F79EFBC}") = "Pakowanie LED v.2", "Pakowanie LED v.2\Pakowanie LED v.2.csproj", "{14EA2306-5456-4C1C-A625-0D6D07E0B84A}"
EndProject
Global
	GlobalSection(SolutionConfigurationPlatforms) = preSolution
		Debug|Any CPU = Debug|Any CPU
		Release|Any CPU = Release|Any CPU
	EndGlobalSection
	GlobalSection(ProjectConfigurationPlatforms) = postSolution
		{14EA2306-5456-4C1C-A625-0D6D07E0B84A}.Debug|Any CPU.ActiveCfg = Debug|Any CPU
		{14EA2306-5456-4C1C-A625-0D6D07E0B84A}.Debug|Any CPU.Build.0 = Debug|Any CPU
		{14EA2306-5456-4C1C-A625-0D6D07E0B84A}.Release|Any CPU.ActiveCfg = Release|Any CPU
		{14EA2306-5456-4C1C-A625-0D6D07E0B84A}.Release|Any CPU.Build.0 = Release|Any CPU
	EndGlobalSection
	GlobalSection(SolutionProperties) = preSolution
		HideSolutionNode = FALSE
	EndGlobalSection
	GlobalSection(ExtensibilityGlobals) = postSolution
		SolutionGuid = {6E38CF3D-89EE-4671-AFBE-52B7C178B6F9}
	EndGlobalSection
EndGlobal
